
Microsoft Visual Studio Solution File, Format Version 12.00
# Visual Studio Version 16
VisualStudioVersion = 16.0.30804.86
MinimumVisualStudioVersion = 15.0.26124.0
Project("{9A19103F-16F7-4668-BE54-9A1E7A4F7556}") = "Chris.DesignPatterns.Singleton", "Chris.DesignPatterns.SingletonPattern\Chris.DesignPatterns.Singleton.csproj", "{F45C77CC-D3E5-451C-9301-CB4ECD5A6654}"
EndProject
Project("{9A19103F-16F7-4668-BE54-9A1E7A4F7556}") = "Chris.DesignPatterns.Factory", "Chris.DesignPatterns.Factory\Chris.DesignPatterns.Factory.csproj", "{F24AF0BC-D11A-4B9B-AFE9-BCBFE74D0B03}"
EndProject
Project("{9A19103F-16F7-4668-BE54-9A1E7A4F7556}") = "Chris.DesignPatterns.AbstractFactory", "Chris.DesignPatterns.AbstractFactory\Chris.DesignPatterns.AbstractFactory.csproj", "{98BC7D7B-3750-4E74-BC3F-EF48F4F4C07B}"
EndProject
Project("{9A19103F-16F7-4668-BE54-9A1E7A4F7556}") = "Chris.DesignPatterns.Builder", "hris.DesignPatterns.Builder\Chris.DesignPatterns.Builder.csproj", "{F2CB816E-B4B8-4CB6-9815-5F6ABF01A47F}"
EndProject
Project("{9A19103F-16F7-4668-BE54-9A1E7A4F7556}") = "Chris.DesignPatterns.Prototype", "Chris.DesignPatterns.Prototype\Chris.DesignPatterns.Prototype.csproj", "{DD42A4B7-4017-4106-8C18-818EB834E506}"
EndProject
Project("{9A19103F-16F7-4668-BE54-9A1E7A4F7556}") = "Chris.DesignPatterns.Adapter", "Chris.DesignPatterns.Adapter\Chris.DesignPatterns.Adapter.csproj", "{1BF61152-2CB4-426C-8487-9E9628C1C87C}"
EndProject
Project("{FAE04EC0-301F-11D3-BF4B-00C04F79EFBC}") = "Chris.DesignPatterns.Bridge", "Chris.DesignPatterns.Bridge\Chris.DesignPatterns.Bridge.csproj", "{885C7F8E-505D-43E3-998B-8DC0B0C4AF4E}"
EndProject
Global
	GlobalSection(SolutionConfigurationPlatforms) = preSolution
		Debug|Any CPU = Debug|Any CPU
		Release|Any CPU = Release|Any CPU
	EndGlobalSection
	GlobalSection(ProjectConfigurationPlatforms) = postSolution
		{F45C77CC-D3E5-451C-9301-CB4ECD5A6654}.Debug|Any CPU.ActiveCfg = Debug|Any CPU
		{F45C77CC-D3E5-451C-9301-CB4ECD5A6654}.Debug|Any CPU.Build.0 = Debug|Any CPU
		{F45C77CC-D3E5-451C-9301-CB4ECD5A6654}.Release|Any CPU.ActiveCfg = Release|Any CPU
		{F45C77CC-D3E5-451C-9301-CB4ECD5A6654}.Release|Any CPU.Build.0 = Release|Any CPU
		{F24AF0BC-D11A-4B9B-AFE9-BCBFE74D0B03}.Debug|Any CPU.ActiveCfg = Debug|Any CPU
		{F24AF0BC-D11A-4B9B-AFE9-BCBFE74D0B03}.Debug|Any CPU.Build.0 = Debug|Any CPU
		{F24AF0BC-D11A-4B9B-AFE9-BCBFE74D0B03}.Release|Any CPU.ActiveCfg = Release|Any CPU
		{F24AF0BC-D11A-4B9B-AFE9-BCBFE74D0B03}.Release|Any CPU.Build.0 = Release|Any CPU
		{98BC7D7B-3750-4E74-BC3F-EF48F4F4C07B}.Debug|Any CPU.ActiveCfg = Debug|Any CPU
		{98BC7D7B-3750-4E74-BC3F-EF48F4F4C07B}.Debug|Any CPU.Build.0 = Debug|Any CPU
		{98BC7D7B-3750-4E74-BC3F-EF48F4F4C07B}.Release|Any CPU.ActiveCfg = Release|Any CPU
		{98BC7D7B-3750-4E74-BC3F-EF48F4F4C07B}.Release|Any CPU.Build.0 = Release|Any CPU
		{F2CB816E-B4B8-4CB6-9815-5F6ABF01A47F}.Debug|Any CPU.ActiveCfg = Debug|Any CPU
		{F2CB816E-B4B8-4CB6-9815-5F6ABF01A47F}.Debug|Any CPU.Build.0 = Debug|Any CPU
		{F2CB816E-B4B8-4CB6-9815-5F6ABF01A47F}.Release|Any CPU.ActiveCfg = Release|Any CPU
		{F2CB816E-B4B8-4CB6-9815-5F6ABF01A47F}.Release|Any CPU.Build.0 = Release|Any CPU
		{DD42A4B7-4017-4106-8C18-818EB834E506}.Debug|Any CPU.ActiveCfg = Debug|Any CPU
		{DD42A4B7-4017-4106-8C18-818EB834E506}.Debug|Any CPU.Build.0 = Debug|Any CPU
		{DD42A4B7-4017-4106-8C18-818EB834E506}.Release|Any CPU.ActiveCfg = Release|Any CPU
		{DD42A4B7-4017-4106-8C18-818EB834E506}.Release|Any CPU.Build.0 = Release|Any CPU
		{1BF61152-2CB4-426C-8487-9E9628C1C87C}.Debug|Any CPU.ActiveCfg = Debug|Any CPU
		{1BF61152-2CB4-426C-8487-9E9628C1C87C}.Debug|Any CPU.Build.0 = Debug|Any CPU
		{1BF61152-2CB4-426C-8487-9E9628C1C87C}.Release|Any CPU.ActiveCfg = Release|Any CPU
		{1BF61152-2CB4-426C-8487-9E9628C1C87C}.Release|Any CPU.Build.0 = Release|Any CPU
		{885C7F8E-505D-43E3-998B-8DC0B0C4AF4E}.Debug|Any CPU.ActiveCfg = Debug|Any CPU
		{885C7F8E-505D-43E3-998B-8DC0B0C4AF4E}.Debug|Any CPU.Build.0 = Debug|Any CPU
		{885C7F8E-505D-43E3-998B-8DC0B0C4AF4E}.Release|Any CPU.ActiveCfg = Release|Any CPU
		{885C7F8E-505D-43E3-998B-8DC0B0C4AF4E}.Release|Any CPU.Build.0 = Release|Any CPU
	EndGlobalSection
	GlobalSection(SolutionProperties) = preSolution
		HideSolutionNode = FALSE
	EndGlobalSection
	GlobalSection(ExtensibilityGlobals) = postSolution
		SolutionGuid = {A74904DF-32B3-4548-B0DA-83846C21FAA0}
	EndGlobalSection
EndGlobal
