
Microsoft Visual Studio Solution File, Format Version 12.00
# Visual Studio Version 16
VisualStudioVersion = 16.0.30804.86
MinimumVisualStudioVersion = 15.0.26124.0
Project("{9A19103F-16F7-4668-BE54-9A1E7A4F7556}") = "Chris.DesignPatterns.Singleton", "Chris.DesignPatterns.SingletonPattern\Chris.DesignPatterns.Singleton.csproj", "{F45C77CC-D3E5-451C-9301-CB4ECD5A6654}"
EndProject
Project("{9A19103F-16F7-4668-BE54-9A1E7A4F7556}") = "Chris.DesignPatterns.Factory", "Chris.DesignPatterns.Factory\Chris.DesignPatterns.Factory.csproj", "{F24AF0BC-D11A-4B9B-AFE9-BCBFE74D0B03}"
EndProject
Project("{9A19103F-16F7-4668-BE54-9A1E7A4F7556}") = "Chris.DesignPatterns.AbstractFactory", "Chris.DesignPatterns.AbstractFactory\Chris.DesignPatterns.AbstractFactory.csproj", "{98BC7D7B-3750-4E74-BC3F-EF48F4F4C07B}"
EndProject
Project("{9A19103F-16F7-4668-BE54-9A1E7A4F7556}") = "Chris.DesignPatterns.Builder", "hris.DesignPatterns.Builder\Chris.DesignPatterns.Builder.csproj", "{F2CB816E-B4B8-4CB6-9815-5F6ABF01A47F}"
EndProject
Project("{9A19103F-16F7-4668-BE54-9A1E7A4F7556}") = "Chris.DesignPatterns.Prototype", "Chris.DesignPatterns.Prototype\Chris.DesignPatterns.Prototype.csproj", "{DD42A4B7-4017-4106-8C18-818EB834E506}"
EndProject
Project("{9A19103F-16F7-4668-BE54-9A1E7A4F7556}") = "Chris.DesignPatterns.Adapter", "Chris.DesignPatterns.Adapter\Chris.DesignPatterns.Adapter.csproj", "{1BF61152-2CB4-426C-8487-9E9628C1C87C}"
EndProject
Project("{9A19103F-16F7-4668-BE54-9A1E7A4F7556}") = "Chris.DesignPatterns.Bridge", "Chris.DesignPatterns.Bridge\Chris.DesignPatterns.Bridge.csproj", "{885C7F8E-505D-43E3-998B-8DC0B0C4AF4E}"
EndProject
Project("{9A19103F-16F7-4668-BE54-9A1E7A4F7556}") = "Chris.DesignPatterns.Decorator", "Chris.DesignPatterns.Decorator\Chris.DesignPatterns.Decorator.csproj", "{0D035304-721F-4352-A249-2796835D6715}"
EndProject
Project("{9A19103F-16F7-4668-BE54-9A1E7A4F7556}") = "Chris.DesignPatterns.Composite", "Chris.DesignPatterns.Composite\Chris.DesignPatterns.Composite.csproj", "{A371278B-76E1-43B5-964C-69BDE0BA5ECF}"
EndProject
Project("{9A19103F-16F7-4668-BE54-9A1E7A4F7556}") = "Chris.DesignPatterns.Facade", "Chris.DesignPatterns.Facade\Chris.DesignPatterns.Facade.csproj", "{6E4B7625-7A80-4C9E-BBBD-F895B03E0758}"
EndProject
Project("{9A19103F-16F7-4668-BE54-9A1E7A4F7556}") = "Chris.DesignPatterns.Flyweight", "Chris.DesignPatterns.Flyweight\Chris.DesignPatterns.Flyweight.csproj", "{8F30A405-60A4-4E08-931A-1A918418692B}"
EndProject
Project("{9A19103F-16F7-4668-BE54-9A1E7A4F7556}") = "Chris.DesignPatterns.Proxy", "Chris.DesignPatterns.Proxy\Chris.DesignPatterns.Proxy.csproj", "{2A6E874A-D0B2-4900-AC10-5599D90E3F2C}"
EndProject
Project("{9A19103F-16F7-4668-BE54-9A1E7A4F7556}") = "Chris.DesignPatterns.Template", "Chris.DesignPatterns.Template\Chris.DesignPatterns.Template.csproj", "{E64CD6AA-C657-4CD2-9A40-0797707EFB40}"
EndProject
Project("{9A19103F-16F7-4668-BE54-9A1E7A4F7556}") = "Chris.DesignPatterns.Command", "Chris.DesignPatterns.Command\Chris.DesignPatterns.Command.csproj", "{4EC088D0-0E72-4900-ABD1-EC53CE64CBA1}"
EndProject
Project("{9A19103F-16F7-4668-BE54-9A1E7A4F7556}") = "Chris.DesignPatterns.Iterator", "Chris.DesignPatterns.Iterator\Chris.DesignPatterns.Iterator.csproj", "{BAF11C95-83D8-43DB-992A-7F33A9AC1A18}"
EndProject
Project("{FAE04EC0-301F-11D3-BF4B-00C04F79EFBC}") = "Chris.DesignPatterns.Observer", "Chris.DesignPatterns.Observer\Chris.DesignPatterns.Observer.csproj", "{8ECEA589-798D-4FF9-86D8-DB8CC7AF5FDE}"
EndProject
Project("{FAE04EC0-301F-11D3-BF4B-00C04F79EFBC}") = "Chris.DesignPatterns.Mediator", "Chris.DesignPatterns.Mediator\Chris.DesignPatterns.Mediator.csproj", "{27DAF84D-CEF9-4931-B0CA-CDDE65A85A27}"
EndProject
Project("{FAE04EC0-301F-11D3-BF4B-00C04F79EFBC}") = "Chris.DesignPatterns.State", "Chris.DesignPatterns.State\Chris.DesignPatterns.State.csproj", "{19627D96-5629-40F0-979C-96DC9DF1A3BB}"
EndProject
Project("{FAE04EC0-301F-11D3-BF4B-00C04F79EFBC}") = "Chris.DesignPatterns.Strategy", "Chris.DesignPatterns.Stragety\Chris.DesignPatterns.Strategy.csproj", "{6336EBF0-1D69-4657-BF85-EC96F9B4558D}"
EndProject
Project("{FAE04EC0-301F-11D3-BF4B-00C04F79EFBC}") = "Chris.DesignPatterns.ChainOfResponsibility", "Chris.DesignPatterns.ChainOfResponsibility\Chris.DesignPatterns.ChainOfResponsibility.csproj", "{9CF5CD9C-5D1B-4BE8-A265-0FD86377DA05}"
EndProject
Project("{FAE04EC0-301F-11D3-BF4B-00C04F79EFBC}") = "Chris.DesignPatterns.Visitor", "Chris.DesignPatterns.Vistor\Chris.DesignPatterns.Visitor.csproj", "{0C4F5617-C4A1-4245-8D36-5F2CE0F54C59}"
EndProject
Global
	GlobalSection(SolutionConfigurationPlatforms) = preSolution
		Debug|Any CPU = Debug|Any CPU
		Release|Any CPU = Release|Any CPU
	EndGlobalSection
	GlobalSection(ProjectConfigurationPlatforms) = postSolution
		{F45C77CC-D3E5-451C-9301-CB4ECD5A6654}.Debug|Any CPU.ActiveCfg = Debug|Any CPU
		{F45C77CC-D3E5-451C-9301-CB4ECD5A6654}.Debug|Any CPU.Build.0 = Debug|Any CPU
		{F45C77CC-D3E5-451C-9301-CB4ECD5A6654}.Release|Any CPU.ActiveCfg = Release|Any CPU
		{F45C77CC-D3E5-451C-9301-CB4ECD5A6654}.Release|Any CPU.Build.0 = Release|Any CPU
		{F24AF0BC-D11A-4B9B-AFE9-BCBFE74D0B03}.Debug|Any CPU.ActiveCfg = Debug|Any CPU
		{F24AF0BC-D11A-4B9B-AFE9-BCBFE74D0B03}.Debug|Any CPU.Build.0 = Debug|Any CPU
		{F24AF0BC-D11A-4B9B-AFE9-BCBFE74D0B03}.Release|Any CPU.ActiveCfg = Release|Any CPU
		{F24AF0BC-D11A-4B9B-AFE9-BCBFE74D0B03}.Release|Any CPU.Build.0 = Release|Any CPU
		{98BC7D7B-3750-4E74-BC3F-EF48F4F4C07B}.Debug|Any CPU.ActiveCfg = Debug|Any CPU
		{98BC7D7B-3750-4E74-BC3F-EF48F4F4C07B}.Debug|Any CPU.Build.0 = Debug|Any CPU
		{98BC7D7B-3750-4E74-BC3F-EF48F4F4C07B}.Release|Any CPU.ActiveCfg = Release|Any CPU
		{98BC7D7B-3750-4E74-BC3F-EF48F4F4C07B}.Release|Any CPU.Build.0 = Release|Any CPU
		{F2CB816E-B4B8-4CB6-9815-5F6ABF01A47F}.Debug|Any CPU.ActiveCfg = Debug|Any CPU
		{F2CB816E-B4B8-4CB6-9815-5F6ABF01A47F}.Debug|Any CPU.Build.0 = Debug|Any CPU
		{F2CB816E-B4B8-4CB6-9815-5F6ABF01A47F}.Release|Any CPU.ActiveCfg = Release|Any CPU
		{F2CB816E-B4B8-4CB6-9815-5F6ABF01A47F}.Release|Any CPU.Build.0 = Release|Any CPU
		{DD42A4B7-4017-4106-8C18-818EB834E506}.Debug|Any CPU.ActiveCfg = Debug|Any CPU
		{DD42A4B7-4017-4106-8C18-818EB834E506}.Debug|Any CPU.Build.0 = Debug|Any CPU
		{DD42A4B7-4017-4106-8C18-818EB834E506}.Release|Any CPU.ActiveCfg = Release|Any CPU
		{DD42A4B7-4017-4106-8C18-818EB834E506}.Release|Any CPU.Build.0 = Release|Any CPU
		{1BF61152-2CB4-426C-8487-9E9628C1C87C}.Debug|Any CPU.ActiveCfg = Debug|Any CPU
		{1BF61152-2CB4-426C-8487-9E9628C1C87C}.Debug|Any CPU.Build.0 = Debug|Any CPU
		{1BF61152-2CB4-426C-8487-9E9628C1C87C}.Release|Any CPU.ActiveCfg = Release|Any CPU
		{1BF61152-2CB4-426C-8487-9E9628C1C87C}.Release|Any CPU.Build.0 = Release|Any CPU
		{885C7F8E-505D-43E3-998B-8DC0B0C4AF4E}.Debug|Any CPU.ActiveCfg = Debug|Any CPU
		{885C7F8E-505D-43E3-998B-8DC0B0C4AF4E}.Debug|Any CPU.Build.0 = Debug|Any CPU
		{885C7F8E-505D-43E3-998B-8DC0B0C4AF4E}.Release|Any CPU.ActiveCfg = Release|Any CPU
		{885C7F8E-505D-43E3-998B-8DC0B0C4AF4E}.Release|Any CPU.Build.0 = Release|Any CPU
		{0D035304-721F-4352-A249-2796835D6715}.Debug|Any CPU.ActiveCfg = Debug|Any CPU
		{0D035304-721F-4352-A249-2796835D6715}.Debug|Any CPU.Build.0 = Debug|Any CPU
		{0D035304-721F-4352-A249-2796835D6715}.Release|Any CPU.ActiveCfg = Release|Any CPU
		{0D035304-721F-4352-A249-2796835D6715}.Release|Any CPU.Build.0 = Release|Any CPU
		{A371278B-76E1-43B5-964C-69BDE0BA5ECF}.Debug|Any CPU.ActiveCfg = Debug|Any CPU
		{A371278B-76E1-43B5-964C-69BDE0BA5ECF}.Debug|Any CPU.Build.0 = Debug|Any CPU
		{A371278B-76E1-43B5-964C-69BDE0BA5ECF}.Release|Any CPU.ActiveCfg = Release|Any CPU
		{A371278B-76E1-43B5-964C-69BDE0BA5ECF}.Release|Any CPU.Build.0 = Release|Any CPU
		{6E4B7625-7A80-4C9E-BBBD-F895B03E0758}.Debug|Any CPU.ActiveCfg = Debug|Any CPU
		{6E4B7625-7A80-4C9E-BBBD-F895B03E0758}.Debug|Any CPU.Build.0 = Debug|Any CPU
		{6E4B7625-7A80-4C9E-BBBD-F895B03E0758}.Release|Any CPU.ActiveCfg = Release|Any CPU
		{6E4B7625-7A80-4C9E-BBBD-F895B03E0758}.Release|Any CPU.Build.0 = Release|Any CPU
		{8F30A405-60A4-4E08-931A-1A918418692B}.Debug|Any CPU.ActiveCfg = Debug|Any CPU
		{8F30A405-60A4-4E08-931A-1A918418692B}.Debug|Any CPU.Build.0 = Debug|Any CPU
		{8F30A405-60A4-4E08-931A-1A918418692B}.Release|Any CPU.ActiveCfg = Release|Any CPU
		{8F30A405-60A4-4E08-931A-1A918418692B}.Release|Any CPU.Build.0 = Release|Any CPU
		{2A6E874A-D0B2-4900-AC10-5599D90E3F2C}.Debug|Any CPU.ActiveCfg = Debug|Any CPU
		{2A6E874A-D0B2-4900-AC10-5599D90E3F2C}.Debug|Any CPU.Build.0 = Debug|Any CPU
		{2A6E874A-D0B2-4900-AC10-5599D90E3F2C}.Release|Any CPU.ActiveCfg = Release|Any CPU
		{2A6E874A-D0B2-4900-AC10-5599D90E3F2C}.Release|Any CPU.Build.0 = Release|Any CPU
		{E64CD6AA-C657-4CD2-9A40-0797707EFB40}.Debug|Any CPU.ActiveCfg = Debug|Any CPU
		{E64CD6AA-C657-4CD2-9A40-0797707EFB40}.Debug|Any CPU.Build.0 = Debug|Any CPU
		{E64CD6AA-C657-4CD2-9A40-0797707EFB40}.Release|Any CPU.ActiveCfg = Release|Any CPU
		{E64CD6AA-C657-4CD2-9A40-0797707EFB40}.Release|Any CPU.Build.0 = Release|Any CPU
		{4EC088D0-0E72-4900-ABD1-EC53CE64CBA1}.Debug|Any CPU.ActiveCfg = Debug|Any CPU
		{4EC088D0-0E72-4900-ABD1-EC53CE64CBA1}.Debug|Any CPU.Build.0 = Debug|Any CPU
		{4EC088D0-0E72-4900-ABD1-EC53CE64CBA1}.Release|Any CPU.ActiveCfg = Release|Any CPU
		{4EC088D0-0E72-4900-ABD1-EC53CE64CBA1}.Release|Any CPU.Build.0 = Release|Any CPU
		{BAF11C95-83D8-43DB-992A-7F33A9AC1A18}.Debug|Any CPU.ActiveCfg = Debug|Any CPU
		{BAF11C95-83D8-43DB-992A-7F33A9AC1A18}.Debug|Any CPU.Build.0 = Debug|Any CPU
		{BAF11C95-83D8-43DB-992A-7F33A9AC1A18}.Release|Any CPU.ActiveCfg = Release|Any CPU
		{BAF11C95-83D8-43DB-992A-7F33A9AC1A18}.Release|Any CPU.Build.0 = Release|Any CPU
		{8ECEA589-798D-4FF9-86D8-DB8CC7AF5FDE}.Debug|Any CPU.ActiveCfg = Debug|Any CPU
		{8ECEA589-798D-4FF9-86D8-DB8CC7AF5FDE}.Debug|Any CPU.Build.0 = Debug|Any CPU
		{8ECEA589-798D-4FF9-86D8-DB8CC7AF5FDE}.Release|Any CPU.ActiveCfg = Release|Any CPU
		{8ECEA589-798D-4FF9-86D8-DB8CC7AF5FDE}.Release|Any CPU.Build.0 = Release|Any CPU
		{27DAF84D-CEF9-4931-B0CA-CDDE65A85A27}.Debug|Any CPU.ActiveCfg = Debug|Any CPU
		{27DAF84D-CEF9-4931-B0CA-CDDE65A85A27}.Debug|Any CPU.Build.0 = Debug|Any CPU
		{27DAF84D-CEF9-4931-B0CA-CDDE65A85A27}.Release|Any CPU.ActiveCfg = Release|Any CPU
		{27DAF84D-CEF9-4931-B0CA-CDDE65A85A27}.Release|Any CPU.Build.0 = Release|Any CPU
		{19627D96-5629-40F0-979C-96DC9DF1A3BB}.Debug|Any CPU.ActiveCfg = Debug|Any CPU
		{19627D96-5629-40F0-979C-96DC9DF1A3BB}.Debug|Any CPU.Build.0 = Debug|Any CPU
		{19627D96-5629-40F0-979C-96DC9DF1A3BB}.Release|Any CPU.ActiveCfg = Release|Any CPU
		{19627D96-5629-40F0-979C-96DC9DF1A3BB}.Release|Any CPU.Build.0 = Release|Any CPU
		{6336EBF0-1D69-4657-BF85-EC96F9B4558D}.Debug|Any CPU.ActiveCfg = Debug|Any CPU
		{6336EBF0-1D69-4657-BF85-EC96F9B4558D}.Debug|Any CPU.Build.0 = Debug|Any CPU
		{6336EBF0-1D69-4657-BF85-EC96F9B4558D}.Release|Any CPU.ActiveCfg = Release|Any CPU
		{6336EBF0-1D69-4657-BF85-EC96F9B4558D}.Release|Any CPU.Build.0 = Release|Any CPU
		{9CF5CD9C-5D1B-4BE8-A265-0FD86377DA05}.Debug|Any CPU.ActiveCfg = Debug|Any CPU
		{9CF5CD9C-5D1B-4BE8-A265-0FD86377DA05}.Debug|Any CPU.Build.0 = Debug|Any CPU
		{9CF5CD9C-5D1B-4BE8-A265-0FD86377DA05}.Release|Any CPU.ActiveCfg = Release|Any CPU
		{9CF5CD9C-5D1B-4BE8-A265-0FD86377DA05}.Release|Any CPU.Build.0 = Release|Any CPU
		{0C4F5617-C4A1-4245-8D36-5F2CE0F54C59}.Debug|Any CPU.ActiveCfg = Debug|Any CPU
		{0C4F5617-C4A1-4245-8D36-5F2CE0F54C59}.Debug|Any CPU.Build.0 = Debug|Any CPU
		{0C4F5617-C4A1-4245-8D36-5F2CE0F54C59}.Release|Any CPU.ActiveCfg = Release|Any CPU
		{0C4F5617-C4A1-4245-8D36-5F2CE0F54C59}.Release|Any CPU.Build.0 = Release|Any CPU
	EndGlobalSection
	GlobalSection(SolutionProperties) = preSolution
		HideSolutionNode = FALSE
	EndGlobalSection
	GlobalSection(ExtensibilityGlobals) = postSolution
		SolutionGuid = {A74904DF-32B3-4548-B0DA-83846C21FAA0}
	EndGlobalSection
EndGlobal
