
Microsoft Visual Studio Solution File, Format Version 12.00
# Visual Studio Version 16
VisualStudioVersion = 16.0.30804.86
MinimumVisualStudioVersion = 15.0.26124.0
Project("{2150E333-8FDC-42A3-9474-1A3956D46DE8}") = "创建型模式", "创建型模式", "{1EC95DEF-34A6-4EE6-8327-012A0A81FAAD}"
EndProject
Project("{2150E333-8FDC-42A3-9474-1A3956D46DE8}") = "结构型模式", "结构型模式", "{E13C9B99-A92A-42D1-9BF2-5EAE4CE4FFB8}"
EndProject
Project("{2150E333-8FDC-42A3-9474-1A3956D46DE8}") = "行为型模式", "行为型模式", "{EEDF6410-212B-4548-A070-3FAD2A886CED}"
EndProject
Project("{2150E333-8FDC-42A3-9474-1A3956D46DE8}") = "单例模式", "单例模式", "{708EA8F6-C0A7-4922-8E93-F1198B54D992}"
EndProject
Project("{FAE04EC0-301F-11D3-BF4B-00C04F79EFBC}") = "Chris.DesignPatterns.SingletonPattern", "Chris.DesignPatterns.SingletonPattern\Chris.DesignPatterns.SingletonPattern.csproj", "{C0CBC13D-EDB7-4D15-B246-DC4372CA5C5D}"
EndProject
Global
	GlobalSection(SolutionConfigurationPlatforms) = preSolution
		Debug|Any CPU = Debug|Any CPU
		Debug|x64 = Debug|x64
		Debug|x86 = Debug|x86
		Release|Any CPU = Release|Any CPU
		Release|x64 = Release|x64
		Release|x86 = Release|x86
	EndGlobalSection
	GlobalSection(ProjectConfigurationPlatforms) = postSolution
		{C0CBC13D-EDB7-4D15-B246-DC4372CA5C5D}.Debug|Any CPU.ActiveCfg = Debug|Any CPU
		{C0CBC13D-EDB7-4D15-B246-DC4372CA5C5D}.Debug|Any CPU.Build.0 = Debug|Any CPU
		{C0CBC13D-EDB7-4D15-B246-DC4372CA5C5D}.Debug|x64.ActiveCfg = Debug|Any CPU
		{C0CBC13D-EDB7-4D15-B246-DC4372CA5C5D}.Debug|x64.Build.0 = Debug|Any CPU
		{C0CBC13D-EDB7-4D15-B246-DC4372CA5C5D}.Debug|x86.ActiveCfg = Debug|Any CPU
		{C0CBC13D-EDB7-4D15-B246-DC4372CA5C5D}.Debug|x86.Build.0 = Debug|Any CPU
		{C0CBC13D-EDB7-4D15-B246-DC4372CA5C5D}.Release|Any CPU.ActiveCfg = Release|Any CPU
		{C0CBC13D-EDB7-4D15-B246-DC4372CA5C5D}.Release|Any CPU.Build.0 = Release|Any CPU
		{C0CBC13D-EDB7-4D15-B246-DC4372CA5C5D}.Release|x64.ActiveCfg = Release|Any CPU
		{C0CBC13D-EDB7-4D15-B246-DC4372CA5C5D}.Release|x64.Build.0 = Release|Any CPU
		{C0CBC13D-EDB7-4D15-B246-DC4372CA5C5D}.Release|x86.ActiveCfg = Release|Any CPU
		{C0CBC13D-EDB7-4D15-B246-DC4372CA5C5D}.Release|x86.Build.0 = Release|Any CPU
	EndGlobalSection
	GlobalSection(SolutionProperties) = preSolution
		HideSolutionNode = FALSE
	EndGlobalSection
	GlobalSection(NestedProjects) = preSolution
		{708EA8F6-C0A7-4922-8E93-F1198B54D992} = {1EC95DEF-34A6-4EE6-8327-012A0A81FAAD}
		{C0CBC13D-EDB7-4D15-B246-DC4372CA5C5D} = {708EA8F6-C0A7-4922-8E93-F1198B54D992}
	EndGlobalSection
	GlobalSection(ExtensibilityGlobals) = postSolution
		SolutionGuid = {A74904DF-32B3-4548-B0DA-83846C21FAA0}
	EndGlobalSection
EndGlobal
